Microsoft Visual Studio Solution File, Format Version 11.00
# Visual Studio 2008

Project("{3FC04825-37D5-687E-B4C8-0BD445CECF14}") = "UltraSuperHyperPuzzlePlatformerDeluxeTurboArcadeEditionEXPlusAlphaAndKnuckles", "Assembly-CSharp.csproj", "{339316C2-BE6C-84B1-0DF0-E65936F32EC3}"
EndProject
Global
	GlobalSection(SolutionConfigurationPlatforms) = preSolution
		Debug|Any CPU = Debug|Any CPU
		Release|Any CPU = Release|Any CPU
	EndGlobalSection
	GlobalSection(ProjectConfigurationPlatforms) = postSolution
		{339316C2-BE6C-84B1-0DF0-E65936F32EC3}.Debug|Any CPU.ActiveCfg = Debug|Any CPU
		{339316C2-BE6C-84B1-0DF0-E65936F32EC3}.Debug|Any CPU.Build.0 = Debug|Any CPU
		{339316C2-BE6C-84B1-0DF0-E65936F32EC3}.Release|Any CPU.ActiveCfg = Release|Any CPU
		{339316C2-BE6C-84B1-0DF0-E65936F32EC3}.Release|Any CPU.Build.0 = Release|Any CPU
	EndGlobalSection
	GlobalSection(SolutionProperties) = preSolution
		HideSolutionNode = FALSE
	EndGlobalSection
																												GlobalSection(MonoDevelopProperties) = preSolution
		StartupItem = Assembly-CSharp.csproj
	EndGlobalSection
EndGlobal
